
Microsoft Visual Studio Solution File, Format Version 12.00
# Visual Studio Version 16
VisualStudioVersion = 16.0.31624.102
MinimumVisualStudioVersion = 10.0.40219.1
Project("{9A19103F-16F7-4668-BE54-9A1E7A4F7556}") = "CurrencyConverter", "CurrencyConverter\CurrencyConverter.csproj", "{45F04E1D-C788-4BEB-82FC-743EF5ECADBF}"
EndProject
Project("{FAE04EC0-301F-11D3-BF4B-00C04F79EFBC}") = "Tests", "Tests\Tests.csproj", "{895C5540-3C8D-4990-AF41-61270D4DDA79}"
EndProject
Global
	GlobalSection(SolutionConfigurationPlatforms) = preSolution
		Debug|Any CPU = Debug|Any CPU
		Release|Any CPU = Release|Any CPU
	EndGlobalSection
	GlobalSection(ProjectConfigurationPlatforms) = postSolution
		{45F04E1D-C788-4BEB-82FC-743EF5ECADBF}.Debug|Any CPU.ActiveCfg = Debug|Any CPU
		{45F04E1D-C788-4BEB-82FC-743EF5ECADBF}.Debug|Any CPU.Build.0 = Debug|Any CPU
		{45F04E1D-C788-4BEB-82FC-743EF5ECADBF}.Release|Any CPU.ActiveCfg = Release|Any CPU
		{45F04E1D-C788-4BEB-82FC-743EF5ECADBF}.Release|Any CPU.Build.0 = Release|Any CPU
		{895C5540-3C8D-4990-AF41-61270D4DDA79}.Debug|Any CPU.ActiveCfg = Debug|Any CPU
		{895C5540-3C8D-4990-AF41-61270D4DDA79}.Debug|Any CPU.Build.0 = Debug|Any CPU
		{895C5540-3C8D-4990-AF41-61270D4DDA79}.Release|Any CPU.ActiveCfg = Release|Any CPU
		{895C5540-3C8D-4990-AF41-61270D4DDA79}.Release|Any CPU.Build.0 = Release|Any CPU
	EndGlobalSection
	GlobalSection(SolutionProperties) = preSolution
		HideSolutionNode = FALSE
	EndGlobalSection
	GlobalSection(ExtensibilityGlobals) = postSolution
		SolutionGuid = {4ED8EC53-8E8E-48B6-9FDC-34C594EE8E07}
	EndGlobalSection
EndGlobal
